
Microsoft Visual Studio Solution File, Format Version 12.00
# Visual Studio 14
VisualStudioVersion = 14.0.25420.1
MinimumVisualStudioVersion = 10.0.40219.1
Project("{FAE04EC0-301F-11D3-BF4B-00C04F79EFBC}") = "CoolAutoUpdate", "CoolAutoUpdate\CoolAutoUpdate.csproj", "{7DD016A5-1BEC-47B3-A3F8-E785A537AEDE}"
EndProject
Global
	GlobalSection(SolutionConfigurationPlatforms) = preSolution
		Debug|Any CPU = Debug|Any CPU
		Release|Any CPU = Release|Any CPU
	EndGlobalSection
	GlobalSection(ProjectConfigurationPlatforms) = postSolution
		{7DD016A5-1BEC-47B3-A3F8-E785A537AEDE}.Debug|Any CPU.ActiveCfg = Debug|Any CPU
		{7DD016A5-1BEC-47B3-A3F8-E785A537AEDE}.Debug|Any CPU.Build.0 = Debug|Any CPU
		{7DD016A5-1BEC-47B3-A3F8-E785A537AEDE}.Release|Any CPU.ActiveCfg = Release|Any CPU
		{7DD016A5-1BEC-47B3-A3F8-E785A537AEDE}.Release|Any CPU.Build.0 = Release|Any CPU
	EndGlobalSection
	GlobalSection(SolutionProperties) = preSolution
		HideSolutionNode = FALSE
	EndGlobalSection
EndGlobal
